schema: '2.0'
stages:
  get_data:
    cmd: python thermo/stages/get_data.py
    params:
      params.yaml:
        building: strandskolen
    outs:
    - path: data/raw_data.pkl
      md5: f13d80754ecd67b251d56a190ccadeb0
      size: 907512
      isexec: true
  preprocess:
    cmd: python thermo/stages/preprocess.py
    deps:
    - path: data/raw_data.pkl
      md5: f13d80754ecd67b251d56a190ccadeb0
      size: 907512
    params:
      params.yaml:
        building: strandskolen
    outs:
    - path: data/preprocessed_data.pkl
      md5: eb4e58214c2b29ecd118bdc0ed2c5cc4
      size: 399430
      isexec: true
